Microsoft Visual Studio Solution File, Format Version 12.00
# Visual Studio Version 16
VisualStudioVersion = 16.0.29209.62
MinimumVisualStudioVersion = 10.0.40219.1
Project("{2150E333-8FDC-42A3-9474-1A3956D46DE8}") = "Hagrid.Core", "Hagrid.Core", "{FE7F4F1C-7AE1-4A30-B1B2-BB8E743F3343}"
EndProject
Project("{2150E333-8FDC-42A3-9474-1A3956D46DE8}") = "Hagrid.API", "Hagrid.API", "{08507B19-3380-4B20-94D6-4385445AD4E5}"
EndProject
Project("{FAE04EC0-301F-11D3-BF4B-00C04F79EFBC}") = "Hagrid.Core.Infrastructure", "Core\Hagrid.Core.Repositories\Hagrid.Core.Infrastructure.csproj", "{9A566EAC-671F-4086-8E41-C858563BB6CB}"
EndProject
Project("{FAE04EC0-301F-11D3-BF4B-00C04F79EFBC}") = "Hagrid.Core.Domain", "Core\Hagrid.Core.Domain\Hagrid.Core.Domain.csproj", "{4F599973-ADCF-42C5-89C4-5AC7B0ADE3E8}"
EndProject
Project("{FAE04EC0-301F-11D3-BF4B-00C04F79EFBC}") = "Hagrid.Core.Providers", "Core\Hagrid.Core.Providers.EF\Hagrid.Core.Providers.csproj", "{FC41B7A3-4053-40AE-A616-5CB2AF3082CC}"
EndProject
Project("{FAE04EC0-301F-11D3-BF4B-00C04F79EFBC}") = "Hagrid.Core.Application", "Core\Hagrid.Core.Application\Hagrid.Core.Application.csproj", "{377BE207-68B1-4335-A1C1-51BDE6C19B43}"
EndProject
Project("{FAE04EC0-301F-11D3-BF4B-00C04F79EFBC}") = "Hagrid.Core.IoC", "Core\Hagrid.Core.IoC\Hagrid.Core.IoC.csproj", "{9A7D58AD-1860-4650-AC32-76ACB56D9303}"
EndProject
Project("{FAE04EC0-301F-11D3-BF4B-00C04F79EFBC}") = "Hagrid.API", "API\Hagrid.API\Hagrid.API.csproj", "{8292CBE0-B8D6-42BD-A707-DA8D5C4762CC}"
EndProject
Project("{2150E333-8FDC-42A3-9474-1A3956D46DE8}") = "Hagrid.Web", "Hagrid.Web", "{53C79674-D8C1-4F73-80A3-6C17189EA49F}"
EndProject
Project("{FAE04EC0-301F-11D3-BF4B-00C04F79EFBC}") = "Hagrid.UI.Login", "Web\Hagrid.UI.Login\Hagrid.UI.Login.csproj", "{4EC77000-9BFC-4C5C-9063-0A702A87BB8E}"
EndProject
Project("{2150E333-8FDC-42A3-9474-1A3956D46DE8}") = "Imports", "Imports", "{B9550EC2-7280-462B-B464-1DDD307505AC}"
EndProject
Project("{FAE04EC0-301F-11D3-BF4B-00C04F79EFBC}") = "Hagrid.Robots", "Imports\Hagrid.Robots\Hagrid.Robots.csproj", "{B32DD584-D0CE-426F-8C3A-3A44B5AD5B4A}"
EndProject
Project("{2150E333-8FDC-42A3-9474-1A3956D46DE8}") = "Solution Items", "Solution Items", "{EB724979-483B-4C8A-AB5B-C53C74DEC34A}"
	ProjectSection(SolutionItems) = preProject
		build\api.yml = build\api.yml
	EndProjectSection
EndProject
Project("{2150E333-8FDC-42A3-9474-1A3956D46DE8}") = "Hagrid.Tools", "Hagrid.Tools", "{DFB51558-DA8B-4FDA-A625-5D291A7DD04D}"
EndProject
Project("{FAE04EC0-301F-11D3-BF4B-00C04F79EFBC}") = "Hagrid.Infra.Contracts", "Hagrid.Tools\Hagrid.Infra.Contracts\Hagrid.Infra.Contracts.csproj", "{543BC91C-2519-441D-B920-EB86113AFD55}"
EndProject
Project("{FAE04EC0-301F-11D3-BF4B-00C04F79EFBC}") = "Hagrid.Infra.Logging", "Hagrid.Tools\Hagrid.Infra.Logging\Hagrid.Infra.Logging.csproj", "{E1A1C616-9F3B-4102-9538-4E18C91C71A9}"
EndProject
Project("{FAE04EC0-301F-11D3-BF4B-00C04F79EFBC}") = "Hagrid.Infra.Providers", "Hagrid.Tools\Hagrid.Infra.Providers\Hagrid.Infra.Providers.csproj", "{7F639D79-84B7-42A7-8496-343769B00528}"
EndProject
Project("{FAE04EC0-301F-11D3-BF4B-00C04F79EFBC}") = "Hagrid.Infra.Providers.EF", "Hagrid.Tools\Hagrid.Infra.Providers.EF\Hagrid.Infra.Providers.EF.csproj", "{BA4E2DEC-67FD-4C4D-8110-37F21F9EFAED}"
EndProject
Project("{FAE04EC0-301F-11D3-BF4B-00C04F79EFBC}") = "Hagrid.Infra.Utils", "Hagrid.Tools\Hagrid.Infra.Utils\Hagrid.Infra.Utils.csproj", "{EC562740-F616-478E-8E63-3FC1C495C11E}"
EndProject
Project("{FAE04EC0-301F-11D3-BF4B-00C04F79EFBC}") = "Hagrid.Infra.Utils.WebApi", "Hagrid.Tools\Hagrid.Infra.Utils.WebApi\Hagrid.Infra.Utils.WebApi.csproj", "{A3693C87-619C-4795-B1EE-5E2B41899134}"
EndProject
Project("{FAE04EC0-301F-11D3-BF4B-00C04F79EFBC}") = "Hagrid.Infra.Logging.Slack", "Hagrid.Tools\Hagrid.Infra.Logging.Slack\Hagrid.Infra.Logging.Slack.csproj", "{99317EB0-805D-46E2-B921-D6B0CA6E40F3}"
EndProject
Project("{FAE04EC0-301F-11D3-BF4B-00C04F79EFBC}") = "Hagrid.Infra.Logging.WebApi", "Hagrid.Tools\Hagrid.Infra.Logging.WebApi\Hagrid.Infra.Logging.WebApi.csproj", "{7C9EB483-1E17-43A8-9128-D4E62D87E74A}"
EndProject
Global
	GlobalSection(SolutionConfigurationPlatforms) = preSolution
		Debug|Any CPU = Debug|Any CPU
		Dev|Any CPU = Dev|Any CPU
		Release|Any CPU = Release|Any CPU
		Sandbox|Any CPU = Sandbox|Any CPU
		Staging|Any CPU = Staging|Any CPU
	EndGlobalSection
	GlobalSection(ProjectConfigurationPlatforms) = postSolution
		{9A566EAC-671F-4086-8E41-C858563BB6CB}.Debug|Any CPU.ActiveCfg = Debug|Any CPU
		{9A566EAC-671F-4086-8E41-C858563BB6CB}.Debug|Any CPU.Build.0 = Debug|Any CPU
		{9A566EAC-671F-4086-8E41-C858563BB6CB}.Dev|Any CPU.ActiveCfg = Dev|Any CPU
		{9A566EAC-671F-4086-8E41-C858563BB6CB}.Dev|Any CPU.Build.0 = Dev|Any CPU
		{9A566EAC-671F-4086-8E41-C858563BB6CB}.Release|Any CPU.ActiveCfg = Release|Any CPU
		{9A566EAC-671F-4086-8E41-C858563BB6CB}.Release|Any CPU.Build.0 = Release|Any CPU
		{9A566EAC-671F-4086-8E41-C858563BB6CB}.Sandbox|Any CPU.ActiveCfg = Sandbox|Any CPU
		{9A566EAC-671F-4086-8E41-C858563BB6CB}.Sandbox|Any CPU.Build.0 = Sandbox|Any CPU
		{9A566EAC-671F-4086-8E41-C858563BB6CB}.Staging|Any CPU.ActiveCfg = Staging|Any CPU
		{9A566EAC-671F-4086-8E41-C858563BB6CB}.Staging|Any CPU.Build.0 = Staging|Any CPU
		{4F599973-ADCF-42C5-89C4-5AC7B0ADE3E8}.Debug|Any CPU.ActiveCfg = Debug|Any CPU
		{4F599973-ADCF-42C5-89C4-5AC7B0ADE3E8}.Debug|Any CPU.Build.0 = Debug|Any CPU
		{4F599973-ADCF-42C5-89C4-5AC7B0ADE3E8}.Dev|Any CPU.ActiveCfg = Dev|Any CPU
		{4F599973-ADCF-42C5-89C4-5AC7B0ADE3E8}.Dev|Any CPU.Build.0 = Dev|Any CPU
		{4F599973-ADCF-42C5-89C4-5AC7B0ADE3E8}.Release|Any CPU.ActiveCfg = Release|Any CPU
		{4F599973-ADCF-42C5-89C4-5AC7B0ADE3E8}.Release|Any CPU.Build.0 = Release|Any CPU
		{4F599973-ADCF-42C5-89C4-5AC7B0ADE3E8}.Sandbox|Any CPU.ActiveCfg = Sandbox|Any CPU
		{4F599973-ADCF-42C5-89C4-5AC7B0ADE3E8}.Sandbox|Any CPU.Build.0 = Sandbox|Any CPU
		{4F599973-ADCF-42C5-89C4-5AC7B0ADE3E8}.Staging|Any CPU.ActiveCfg = Staging|Any CPU
		{4F599973-ADCF-42C5-89C4-5AC7B0ADE3E8}.Staging|Any CPU.Build.0 = Staging|Any CPU
		{FC41B7A3-4053-40AE-A616-5CB2AF3082CC}.Debug|Any CPU.ActiveCfg = Debug|Any CPU
		{FC41B7A3-4053-40AE-A616-5CB2AF3082CC}.Debug|Any CPU.Build.0 = Debug|Any CPU
		{FC41B7A3-4053-40AE-A616-5CB2AF3082CC}.Dev|Any CPU.ActiveCfg = Dev|Any CPU
		{FC41B7A3-4053-40AE-A616-5CB2AF3082CC}.Dev|Any CPU.Build.0 = Dev|Any CPU
		{FC41B7A3-4053-40AE-A616-5CB2AF3082CC}.Release|Any CPU.ActiveCfg = Release|Any CPU
		{FC41B7A3-4053-40AE-A616-5CB2AF3082CC}.Release|Any CPU.Build.0 = Release|Any CPU
		{FC41B7A3-4053-40AE-A616-5CB2AF3082CC}.Sandbox|Any CPU.ActiveCfg = Sandbox|Any CPU
		{FC41B7A3-4053-40AE-A616-5CB2AF3082CC}.Sandbox|Any CPU.Build.0 = Sandbox|Any CPU
		{FC41B7A3-4053-40AE-A616-5CB2AF3082CC}.Staging|Any CPU.ActiveCfg = Staging|Any CPU
		{FC41B7A3-4053-40AE-A616-5CB2AF3082CC}.Staging|Any CPU.Build.0 = Staging|Any CPU
		{377BE207-68B1-4335-A1C1-51BDE6C19B43}.Debug|Any CPU.ActiveCfg = Debug|Any CPU
		{377BE207-68B1-4335-A1C1-51BDE6C19B43}.Debug|Any CPU.Build.0 = Debug|Any CPU
		{377BE207-68B1-4335-A1C1-51BDE6C19B43}.Dev|Any CPU.ActiveCfg = Dev|Any CPU
		{377BE207-68B1-4335-A1C1-51BDE6C19B43}.Dev|Any CPU.Build.0 = Dev|Any CPU
		{377BE207-68B1-4335-A1C1-51BDE6C19B43}.Release|Any CPU.ActiveCfg = Release|Any CPU
		{377BE207-68B1-4335-A1C1-51BDE6C19B43}.Release|Any CPU.Build.0 = Release|Any CPU
		{377BE207-68B1-4335-A1C1-51BDE6C19B43}.Sandbox|Any CPU.ActiveCfg = Sandbox|Any CPU
		{377BE207-68B1-4335-A1C1-51BDE6C19B43}.Sandbox|Any CPU.Build.0 = Sandbox|Any CPU
		{377BE207-68B1-4335-A1C1-51BDE6C19B43}.Staging|Any CPU.ActiveCfg = Staging|Any CPU
		{377BE207-68B1-4335-A1C1-51BDE6C19B43}.Staging|Any CPU.Build.0 = Staging|Any CPU
		{9A7D58AD-1860-4650-AC32-76ACB56D9303}.Debug|Any CPU.ActiveCfg = Debug|Any CPU
		{9A7D58AD-1860-4650-AC32-76ACB56D9303}.Debug|Any CPU.Build.0 = Debug|Any CPU
		{9A7D58AD-1860-4650-AC32-76ACB56D9303}.Dev|Any CPU.ActiveCfg = Dev|Any CPU
		{9A7D58AD-1860-4650-AC32-76ACB56D9303}.Dev|Any CPU.Build.0 = Dev|Any CPU
		{9A7D58AD-1860-4650-AC32-76ACB56D9303}.Release|Any CPU.ActiveCfg = Release|Any CPU
		{9A7D58AD-1860-4650-AC32-76ACB56D9303}.Release|Any CPU.Build.0 = Release|Any CPU
		{9A7D58AD-1860-4650-AC32-76ACB56D9303}.Sandbox|Any CPU.ActiveCfg = Sandbox|Any CPU
		{9A7D58AD-1860-4650-AC32-76ACB56D9303}.Sandbox|Any CPU.Build.0 = Sandbox|Any CPU
		{9A7D58AD-1860-4650-AC32-76ACB56D9303}.Staging|Any CPU.ActiveCfg = Staging|Any CPU
		{9A7D58AD-1860-4650-AC32-76ACB56D9303}.Staging|Any CPU.Build.0 = Staging|Any CPU
		{8292CBE0-B8D6-42BD-A707-DA8D5C4762CC}.Debug|Any CPU.ActiveCfg = Debug|Any CPU
		{8292CBE0-B8D6-42BD-A707-DA8D5C4762CC}.Debug|Any CPU.Build.0 = Debug|Any CPU
		{8292CBE0-B8D6-42BD-A707-DA8D5C4762CC}.Dev|Any CPU.ActiveCfg = Dev|Any CPU
		{8292CBE0-B8D6-42BD-A707-DA8D5C4762CC}.Dev|Any CPU.Build.0 = Dev|Any CPU
		{8292CBE0-B8D6-42BD-A707-DA8D5C4762CC}.Release|Any CPU.ActiveCfg = Release|Any CPU
		{8292CBE0-B8D6-42BD-A707-DA8D5C4762CC}.Release|Any CPU.Build.0 = Release|Any CPU
		{8292CBE0-B8D6-42BD-A707-DA8D5C4762CC}.Sandbox|Any CPU.ActiveCfg = Sandbox|Any CPU
		{8292CBE0-B8D6-42BD-A707-DA8D5C4762CC}.Sandbox|Any CPU.Build.0 = Sandbox|Any CPU
		{8292CBE0-B8D6-42BD-A707-DA8D5C4762CC}.Staging|Any CPU.ActiveCfg = Staging|Any CPU
		{8292CBE0-B8D6-42BD-A707-DA8D5C4762CC}.Staging|Any CPU.Build.0 = Staging|Any CPU
		{4EC77000-9BFC-4C5C-9063-0A702A87BB8E}.Debug|Any CPU.ActiveCfg = Debug|Any CPU
		{4EC77000-9BFC-4C5C-9063-0A702A87BB8E}.Debug|Any CPU.Build.0 = Debug|Any CPU
		{4EC77000-9BFC-4C5C-9063-0A702A87BB8E}.Dev|Any CPU.ActiveCfg = Dev|Any CPU
		{4EC77000-9BFC-4C5C-9063-0A702A87BB8E}.Dev|Any CPU.Build.0 = Dev|Any CPU
		{4EC77000-9BFC-4C5C-9063-0A702A87BB8E}.Release|Any CPU.ActiveCfg = Release|Any CPU
		{4EC77000-9BFC-4C5C-9063-0A702A87BB8E}.Release|Any CPU.Build.0 = Release|Any CPU
		{4EC77000-9BFC-4C5C-9063-0A702A87BB8E}.Sandbox|Any CPU.ActiveCfg = Sandbox|Any CPU
		{4EC77000-9BFC-4C5C-9063-0A702A87BB8E}.Sandbox|Any CPU.Build.0 = Sandbox|Any CPU
		{4EC77000-9BFC-4C5C-9063-0A702A87BB8E}.Staging|Any CPU.ActiveCfg = Staging|Any CPU
		{4EC77000-9BFC-4C5C-9063-0A702A87BB8E}.Staging|Any CPU.Build.0 = Staging|Any CPU
		{B32DD584-D0CE-426F-8C3A-3A44B5AD5B4A}.Debug|Any CPU.ActiveCfg = Debug|Any CPU
		{B32DD584-D0CE-426F-8C3A-3A44B5AD5B4A}.Debug|Any CPU.Build.0 = Debug|Any CPU
		{B32DD584-D0CE-426F-8C3A-3A44B5AD5B4A}.Dev|Any CPU.ActiveCfg = Debug|Any CPU
		{B32DD584-D0CE-426F-8C3A-3A44B5AD5B4A}.Dev|Any CPU.Build.0 = Debug|Any CPU
		{B32DD584-D0CE-426F-8C3A-3A44B5AD5B4A}.Release|Any CPU.ActiveCfg = Release|Any CPU
		{B32DD584-D0CE-426F-8C3A-3A44B5AD5B4A}.Release|Any CPU.Build.0 = Release|Any CPU
		{B32DD584-D0CE-426F-8C3A-3A44B5AD5B4A}.Sandbox|Any CPU.ActiveCfg = Sandbox|Any CPU
		{B32DD584-D0CE-426F-8C3A-3A44B5AD5B4A}.Staging|Any CPU.ActiveCfg = Staging|Any CPU
		{543BC91C-2519-441D-B920-EB86113AFD55}.Debug|Any CPU.ActiveCfg = Debug|Any CPU
		{543BC91C-2519-441D-B920-EB86113AFD55}.Debug|Any CPU.Build.0 = Debug|Any CPU
		{543BC91C-2519-441D-B920-EB86113AFD55}.Dev|Any CPU.ActiveCfg = Debug|Any CPU
		{543BC91C-2519-441D-B920-EB86113AFD55}.Dev|Any CPU.Build.0 = Debug|Any CPU
		{543BC91C-2519-441D-B920-EB86113AFD55}.Release|Any CPU.ActiveCfg = Release|Any CPU
		{543BC91C-2519-441D-B920-EB86113AFD55}.Release|Any CPU.Build.0 = Release|Any CPU
		{543BC91C-2519-441D-B920-EB86113AFD55}.Sandbox|Any CPU.ActiveCfg = Debug|Any CPU
		{543BC91C-2519-441D-B920-EB86113AFD55}.Sandbox|Any CPU.Build.0 = Debug|Any CPU
		{543BC91C-2519-441D-B920-EB86113AFD55}.Staging|Any CPU.ActiveCfg = Debug|Any CPU
		{543BC91C-2519-441D-B920-EB86113AFD55}.Staging|Any CPU.Build.0 = Debug|Any CPU
		{E1A1C616-9F3B-4102-9538-4E18C91C71A9}.Debug|Any CPU.ActiveCfg = Debug|Any CPU
		{E1A1C616-9F3B-4102-9538-4E18C91C71A9}.Debug|Any CPU.Build.0 = Debug|Any CPU
		{E1A1C616-9F3B-4102-9538-4E18C91C71A9}.Dev|Any CPU.ActiveCfg = Debug|Any CPU
		{E1A1C616-9F3B-4102-9538-4E18C91C71A9}.Dev|Any CPU.Build.0 = Debug|Any CPU
		{E1A1C616-9F3B-4102-9538-4E18C91C71A9}.Release|Any CPU.ActiveCfg = Release|Any CPU
		{E1A1C616-9F3B-4102-9538-4E18C91C71A9}.Release|Any CPU.Build.0 = Release|Any CPU
		{E1A1C616-9F3B-4102-9538-4E18C91C71A9}.Sandbox|Any CPU.ActiveCfg = Debug|Any CPU
		{E1A1C616-9F3B-4102-9538-4E18C91C71A9}.Sandbox|Any CPU.Build.0 = Debug|Any CPU
		{E1A1C616-9F3B-4102-9538-4E18C91C71A9}.Staging|Any CPU.ActiveCfg = Debug|Any CPU
		{E1A1C616-9F3B-4102-9538-4E18C91C71A9}.Staging|Any CPU.Build.0 = Debug|Any CPU
		{7F639D79-84B7-42A7-8496-343769B00528}.Debug|Any CPU.ActiveCfg = Debug|Any CPU
		{7F639D79-84B7-42A7-8496-343769B00528}.Debug|Any CPU.Build.0 = Debug|Any CPU
		{7F639D79-84B7-42A7-8496-343769B00528}.Dev|Any CPU.ActiveCfg = Debug|Any CPU
		{7F639D79-84B7-42A7-8496-343769B00528}.Dev|Any CPU.Build.0 = Debug|Any CPU
		{7F639D79-84B7-42A7-8496-343769B00528}.Release|Any CPU.ActiveCfg = Release|Any CPU
		{7F639D79-84B7-42A7-8496-343769B00528}.Release|Any CPU.Build.0 = Release|Any CPU
		{7F639D79-84B7-42A7-8496-343769B00528}.Sandbox|Any CPU.ActiveCfg = Debug|Any CPU
		{7F639D79-84B7-42A7-8496-343769B00528}.Sandbox|Any CPU.Build.0 = Debug|Any CPU
		{7F639D79-84B7-42A7-8496-343769B00528}.Staging|Any CPU.ActiveCfg = Debug|Any CPU
		{7F639D79-84B7-42A7-8496-343769B00528}.Staging|Any CPU.Build.0 = Debug|Any CPU
		{BA4E2DEC-67FD-4C4D-8110-37F21F9EFAED}.Debug|Any CPU.ActiveCfg = Debug|Any CPU
		{BA4E2DEC-67FD-4C4D-8110-37F21F9EFAED}.Debug|Any CPU.Build.0 = Debug|Any CPU
		{BA4E2DEC-67FD-4C4D-8110-37F21F9EFAED}.Dev|Any CPU.ActiveCfg = Debug|Any CPU
		{BA4E2DEC-67FD-4C4D-8110-37F21F9EFAED}.Dev|Any CPU.Build.0 = Debug|Any CPU
		{BA4E2DEC-67FD-4C4D-8110-37F21F9EFAED}.Release|Any CPU.ActiveCfg = Release|Any CPU
		{BA4E2DEC-67FD-4C4D-8110-37F21F9EFAED}.Release|Any CPU.Build.0 = Release|Any CPU
		{BA4E2DEC-67FD-4C4D-8110-37F21F9EFAED}.Sandbox|Any CPU.ActiveCfg = Debug|Any CPU
		{BA4E2DEC-67FD-4C4D-8110-37F21F9EFAED}.Sandbox|Any CPU.Build.0 = Debug|Any CPU
		{BA4E2DEC-67FD-4C4D-8110-37F21F9EFAED}.Staging|Any CPU.ActiveCfg = Debug|Any CPU
		{BA4E2DEC-67FD-4C4D-8110-37F21F9EFAED}.Staging|Any CPU.Build.0 = Debug|Any CPU
		{EC562740-F616-478E-8E63-3FC1C495C11E}.Debug|Any CPU.ActiveCfg = Debug|Any CPU
		{EC562740-F616-478E-8E63-3FC1C495C11E}.Debug|Any CPU.Build.0 = Debug|Any CPU
		{EC562740-F616-478E-8E63-3FC1C495C11E}.Dev|Any CPU.ActiveCfg = Debug|Any CPU
		{EC562740-F616-478E-8E63-3FC1C495C11E}.Dev|Any CPU.Build.0 = Debug|Any CPU
		{EC562740-F616-478E-8E63-3FC1C495C11E}.Release|Any CPU.ActiveCfg = Release|Any CPU
		{EC562740-F616-478E-8E63-3FC1C495C11E}.Release|Any CPU.Build.0 = Release|Any CPU
		{EC562740-F616-478E-8E63-3FC1C495C11E}.Sandbox|Any CPU.ActiveCfg = Debug|Any CPU
		{EC562740-F616-478E-8E63-3FC1C495C11E}.Sandbox|Any CPU.Build.0 = Debug|Any CPU
		{EC562740-F616-478E-8E63-3FC1C495C11E}.Staging|Any CPU.ActiveCfg = Debug|Any CPU
		{EC562740-F616-478E-8E63-3FC1C495C11E}.Staging|Any CPU.Build.0 = Debug|Any CPU
		{A3693C87-619C-4795-B1EE-5E2B41899134}.Debug|Any CPU.ActiveCfg = Debug|Any CPU
		{A3693C87-619C-4795-B1EE-5E2B41899134}.Debug|Any CPU.Build.0 = Debug|Any CPU
		{A3693C87-619C-4795-B1EE-5E2B41899134}.Dev|Any CPU.ActiveCfg = Debug|Any CPU
		{A3693C87-619C-4795-B1EE-5E2B41899134}.Dev|Any CPU.Build.0 = Debug|Any CPU
		{A3693C87-619C-4795-B1EE-5E2B41899134}.Release|Any CPU.ActiveCfg = Release|Any CPU
		{A3693C87-619C-4795-B1EE-5E2B41899134}.Release|Any CPU.Build.0 = Release|Any CPU
		{A3693C87-619C-4795-B1EE-5E2B41899134}.Sandbox|Any CPU.ActiveCfg = Debug|Any CPU
		{A3693C87-619C-4795-B1EE-5E2B41899134}.Sandbox|Any CPU.Build.0 = Debug|Any CPU
		{A3693C87-619C-4795-B1EE-5E2B41899134}.Staging|Any CPU.ActiveCfg = Debug|Any CPU
		{A3693C87-619C-4795-B1EE-5E2B41899134}.Staging|Any CPU.Build.0 = Debug|Any CPU
		{99317EB0-805D-46E2-B921-D6B0CA6E40F3}.Debug|Any CPU.ActiveCfg = Debug|Any CPU
		{99317EB0-805D-46E2-B921-D6B0CA6E40F3}.Debug|Any CPU.Build.0 = Debug|Any CPU
		{99317EB0-805D-46E2-B921-D6B0CA6E40F3}.Dev|Any CPU.ActiveCfg = Debug|Any CPU
		{99317EB0-805D-46E2-B921-D6B0CA6E40F3}.Dev|Any CPU.Build.0 = Debug|Any CPU
		{99317EB0-805D-46E2-B921-D6B0CA6E40F3}.Release|Any CPU.ActiveCfg = Release|Any CPU
		{99317EB0-805D-46E2-B921-D6B0CA6E40F3}.Release|Any CPU.Build.0 = Release|Any CPU
		{99317EB0-805D-46E2-B921-D6B0CA6E40F3}.Sandbox|Any CPU.ActiveCfg = Debug|Any CPU
		{99317EB0-805D-46E2-B921-D6B0CA6E40F3}.Sandbox|Any CPU.Build.0 = Debug|Any CPU
		{99317EB0-805D-46E2-B921-D6B0CA6E40F3}.Staging|Any CPU.ActiveCfg = Debug|Any CPU
		{99317EB0-805D-46E2-B921-D6B0CA6E40F3}.Staging|Any CPU.Build.0 = Debug|Any CPU
		{7C9EB483-1E17-43A8-9128-D4E62D87E74A}.Debug|Any CPU.ActiveCfg = Debug|Any CPU
		{7C9EB483-1E17-43A8-9128-D4E62D87E74A}.Debug|Any CPU.Build.0 = Debug|Any CPU
		{7C9EB483-1E17-43A8-9128-D4E62D87E74A}.Dev|Any CPU.ActiveCfg = Debug|Any CPU
		{7C9EB483-1E17-43A8-9128-D4E62D87E74A}.Dev|Any CPU.Build.0 = Debug|Any CPU
		{7C9EB483-1E17-43A8-9128-D4E62D87E74A}.Release|Any CPU.ActiveCfg = Release|Any CPU
		{7C9EB483-1E17-43A8-9128-D4E62D87E74A}.Release|Any CPU.Build.0 = Release|Any CPU
		{7C9EB483-1E17-43A8-9128-D4E62D87E74A}.Sandbox|Any CPU.ActiveCfg = Debug|Any CPU
		{7C9EB483-1E17-43A8-9128-D4E62D87E74A}.Sandbox|Any CPU.Build.0 = Debug|Any CPU
		{7C9EB483-1E17-43A8-9128-D4E62D87E74A}.Staging|Any CPU.ActiveCfg = Debug|Any CPU
		{7C9EB483-1E17-43A8-9128-D4E62D87E74A}.Staging|Any CPU.Build.0 = Debug|Any CPU
	EndGlobalSection
	GlobalSection(SolutionProperties) = preSolution
		HideSolutionNode = FALSE
	EndGlobalSection
	GlobalSection(NestedProjects) = preSolution
		{9A566EAC-671F-4086-8E41-C858563BB6CB} = {FE7F4F1C-7AE1-4A30-B1B2-BB8E743F3343}
		{4F599973-ADCF-42C5-89C4-5AC7B0ADE3E8} = {FE7F4F1C-7AE1-4A30-B1B2-BB8E743F3343}
		{FC41B7A3-4053-40AE-A616-5CB2AF3082CC} = {FE7F4F1C-7AE1-4A30-B1B2-BB8E743F3343}
		{377BE207-68B1-4335-A1C1-51BDE6C19B43} = {FE7F4F1C-7AE1-4A30-B1B2-BB8E743F3343}
		{9A7D58AD-1860-4650-AC32-76ACB56D9303} = {FE7F4F1C-7AE1-4A30-B1B2-BB8E743F3343}
		{8292CBE0-B8D6-42BD-A707-DA8D5C4762CC} = {08507B19-3380-4B20-94D6-4385445AD4E5}
		{4EC77000-9BFC-4C5C-9063-0A702A87BB8E} = {53C79674-D8C1-4F73-80A3-6C17189EA49F}
		{B32DD584-D0CE-426F-8C3A-3A44B5AD5B4A} = {B9550EC2-7280-462B-B464-1DDD307505AC}
		{543BC91C-2519-441D-B920-EB86113AFD55} = {DFB51558-DA8B-4FDA-A625-5D291A7DD04D}
		{E1A1C616-9F3B-4102-9538-4E18C91C71A9} = {DFB51558-DA8B-4FDA-A625-5D291A7DD04D}
		{7F639D79-84B7-42A7-8496-343769B00528} = {DFB51558-DA8B-4FDA-A625-5D291A7DD04D}
		{BA4E2DEC-67FD-4C4D-8110-37F21F9EFAED} = {DFB51558-DA8B-4FDA-A625-5D291A7DD04D}
		{EC562740-F616-478E-8E63-3FC1C495C11E} = {DFB51558-DA8B-4FDA-A625-5D291A7DD04D}
		{A3693C87-619C-4795-B1EE-5E2B41899134} = {DFB51558-DA8B-4FDA-A625-5D291A7DD04D}
		{99317EB0-805D-46E2-B921-D6B0CA6E40F3} = {DFB51558-DA8B-4FDA-A625-5D291A7DD04D}
		{7C9EB483-1E17-43A8-9128-D4E62D87E74A} = {DFB51558-DA8B-4FDA-A625-5D291A7DD04D}
	EndGlobalSection
	GlobalSection(ExtensibilityGlobals) = postSolution
		SolutionGuid = {C2DF014E-15C3-449F-A982-6BB0564840C5}
	EndGlobalSection
EndGlobal
